version: 2.0
shards:
  db:
    git: https://github.com/crystal-lang/crystal-db.git
    version: 0.9.0

  discordcr:
    git: https://github.com/discordcr/discordcr.git
    version: 0.4.0+git.commit.619e08d31fd10918f2554f7623e2066ac308c439

  dotenv:
    git: https://github.com/gdotdesign/cr-dotenv.git
    version: 0.7.0

  exception_page:
    git: https://github.com/crystal-loot/exception_page.git
    version: 0.1.4

  graphql:
    git: https://github.com/graphql-crystal/graphql.git
    version: 0.3.0

  humanize_time:
    git: https://github.com/mamantoha/humanize_time.git
    version: 0.7.0

  i18n:
    git: https://github.com/TechMagister/i18n.cr.git
    version: 0.3.1+git.commit.635e05dd5e9fb8bc99c46c12497689221644d9e4

  json_mapping:
    git: https://github.com/crystal-lang/json_mapping.cr.git
    version: 0.1.0

  kemal:
    git: https://github.com/kemalcr/kemal.git
    version: 0.26.1+git.commit.a819d4792bbc63d993d6dd2b15f9af5efb0c2d8c

  kilt:
    git: https://github.com/jeromegn/kilt.git
    version: 0.4.0

  micrate:
    git: https://github.com/amberframework/micrate.git
    version: 0.8.0

  pg:
    git: https://github.com/will/crystal-pg.git
    version: 0.21.1

  radix:
    git: https://github.com/luislavena/radix.git
    version: 0.3.9

