version: 2.0
shards:
  backtracer:
    git: https://github.com/sija/backtracer.cr.git
    version: 1.2.1

  db:
    git: https://github.com/crystal-lang/crystal-db.git
    version: 0.10.1

  discordcr:
    git: https://github.com/shardlab/discordcr.git
    version: 0.4.1

  dotenv:
    git: https://github.com/gdotdesign/cr-dotenv.git
    version: 1.0.0

  exception_page:
    git: https://github.com/crystal-loot/exception_page.git
    version: 0.2.0

  humanize_time:
    git: https://github.com/mamantoha/humanize_time.git
    version: 0.10.1

  i18n:
    git: https://github.com/crystal-i18n/i18n.git
    version: 0.2.0

  kemal:
    git: https://github.com/kemalcr/kemal.git
    version: 1.0.0+git.commit.218be2422172d330feb62c6a8abc7df5402fdb84

  kilt:
    git: https://github.com/jeromegn/kilt.git
    version: 0.6.1

  micrate:
    git: https://github.com/amberframework/micrate.git
    version: 0.11.0

  mysql:
    git: https://github.com/crystal-lang/crystal-mysql.git
    version: 0.13.0

  pg:
    git: https://github.com/will/crystal-pg.git
    version: 0.23.2

  radix:
    git: https://github.com/luislavena/radix.git
    version: 0.4.1

  sqlite3:
    git: https://github.com/crystal-lang/crystal-sqlite3.git
    version: 0.18.0

